lockfileVersion: '9.0'

settings:
  autoInstallPeers: true
  excludeLinksFromLockfile: false

catalogs:
  default:
    '@webgpu/types':
      specifier: ^0.1.66
      version: 0.1.66
    tsdown:
      specifier: ^0.15.0
      version: 0.15.12
    typescript:
      specifier: ~5.9.3
      version: 5.9.3
    unplugin-typegpu:
      specifier: ^0.8.0
      version: 0.8.0

overrides:
  vite: npm:rolldown-vite@7.2.2

importers:

  .:
    devDependencies:
      '@biomejs/biome':
        specifier: ^2.3.5
        version: 2.3.5
      '@webgpu/types':
        specifier: 'catalog:'
        version: 0.1.66

  apps/gooui-vite-vanilla:
    dependencies:
      gooui:
        specifier: 'workspace:'
        version: link:../../packages/gooui
      typegpu:
        specifier: ^0.8.2
        version: 0.8.2
    devDependencies:
      typescript:
        specifier: 'catalog:'
        version: 5.9.3
      unplugin-typegpu:
        specifier: 'catalog:'
        version: 0.8.0(typegpu@0.8.2)
      vite:
        specifier: npm:rolldown-vite@7.2.2
        version: rolldown-vite@7.2.2(jiti@2.6.1)

  packages/gooui:
    dependencies:
      '@typegpu/noise':
        specifier: ^0.8.0
        version: 0.8.0(typegpu@0.8.2)
      '@typegpu/sdf':
        specifier: ^0.8.0
        version: 0.8.0(typegpu@0.8.2)
      typegpu:
        specifier: ^0.8.2
        version: 0.8.2
      wgpu-matrix:
        specifier: ^3.4.0
        version: 3.4.0
    devDependencies:
      tsdown:
        specifier: 'catalog:'
        version: 0.15.12(ms@2.1.3)(typescript@5.9.3)
      unplugin-typegpu:
        specifier: 'catalog:'
        version: 0.8.0(typegpu@0.8.2)

packages:

  '@babel/generator@7.28.5':
    resolution: {integrity: sha512-3EwLFhZ38J4VyIP6WNtt2kUdW9dokXA9Cr4IVIFHuCpZ3H8/YFOl5JjZHisrn1fATPBmKKqXzDFvh9fUwHz6CQ==}
    engines: {node: '>=6.9.0'}

  '@babel/helper-string-parser@7.27.1':
    resolution: {integrity: sha512-qMlSxKbpRlAridDExk92nSobyDdpPijUq2DW6oDnUqd0iOGxmQjyqhMIihI9+zv4LPyZdRje2cavWPbCbWm3eA==}
    engines: {node: '>=6.9.0'}

  '@babel/helper-validator-identifier@7.28.5':
    resolution: {integrity: sha512-qSs4ifwzKJSV39ucNjsvc6WVHs6b7S03sOh2OcHF9UHfVPqWWALUsNUVzhSBiItjRZoLHx7nIarVjqKVusUZ1Q==}
    engines: {node: '>=6.9.0'}

  '@babel/parser@7.28.5':
    resolution: {integrity: sha512-KKBU1VGYR7ORr3At5HAtUQ+TV3SzRCXmA/8OdDZiLDBIZxVyzXuztPjfLd3BV1PRAQGCMWWSHYhL0F8d5uHBDQ==}
    engines: {node: '>=6.0.0'}
    hasBin: true

  '@babel/standalone@7.28.5':
    resolution: {integrity: sha512-1DViPYJpRU50irpGMfLBQ9B4kyfQuL6X7SS7pwTeWeZX0mNkjzPi0XFqxCjSdddZXUQy4AhnQnnesA/ZHnvAdw==}
    engines: {node: '>=6.9.0'}

  '@babel/types@7.28.5':
    resolution: {integrity: sha512-qQ5m48eI/MFLQ5PxQj4PFaprjyCTLI37ElWMmNs0K8Lk3dVeOdNpB3ks8jc7yM5CDmVC73eMVk/trk3fgmrUpA==}
    engines: {node: '>=6.9.0'}

  '@biomejs/biome@2.3.5':
    resolution: {integrity: sha512-HvLhNlIlBIbAV77VysRIBEwp55oM/QAjQEin74QQX9Xb259/XP/D5AGGnZMOyF1el4zcvlNYYR3AyTMUV3ILhg==}
    engines: {node: '>=14.21.3'}
    hasBin: true

  '@biomejs/cli-darwin-arm64@2.3.5':
    resolution: {integrity: sha512-fLdTur8cJU33HxHUUsii3GLx/TR0BsfQx8FkeqIiW33cGMtUD56fAtrh+2Fx1uhiCsVZlFh6iLKUU3pniZREQw==}
    engines: {node: '>=14.21.3'}
    cpu: [arm64]
    os: [darwin]

  '@biomejs/cli-darwin-x64@2.3.5':
    resolution: {integrity: sha512-qpT8XDqeUlzrOW8zb4k3tjhT7rmvVRumhi2657I2aGcY4B+Ft5fNwDdZGACzn8zj7/K1fdWjgwYE3i2mSZ+vOA==}
    engines: {node: '>=14.21.3'}
    cpu: [x64]
    os: [darwin]

  '@biomejs/cli-linux-arm64-musl@2.3.5':
    resolution: {integrity: sha512-eGUG7+hcLgGnMNl1KHVZUYxahYAhC462jF/wQolqu4qso2MSk32Q+QrpN7eN4jAHAg7FUMIo897muIhK4hXhqg==}
    engines: {node: '>=14.21.3'}
    cpu: [arm64]
    os: [linux]

  '@biomejs/cli-linux-arm64@2.3.5':
    resolution: {integrity: sha512-u/pybjTBPGBHB66ku4pK1gj+Dxgx7/+Z0jAriZISPX1ocTO8aHh8x8e7Kb1rB4Ms0nA/SzjtNOVJ4exVavQBCw==}
    engines: {node: '>=14.21.3'}
    cpu: [arm64]
    os: [linux]

  '@biomejs/cli-linux-x64-musl@2.3.5':
    resolution: {integrity: sha512-awVuycTPpVTH/+WDVnEEYSf6nbCBHf/4wB3lquwT7puhNg8R4XvonWNZzUsfHZrCkjkLhFH/vCZK5jHatD9FEg==}
    engines: {node: '>=14.21.3'}
    cpu: [x64]
    os: [linux]

  '@biomejs/cli-linux-x64@2.3.5':
    resolution: {integrity: sha512-XrIVi9YAW6ye0CGQ+yax0gLfx+BFOtKaNX74n+xHWla6Cl6huUmcKNO7HPx7BiKnJUzrxXY1qYlm7xMvi08X4g==}
    engines: {node: '>=14.21.3'}
    cpu: [x64]
    os: [linux]

  '@biomejs/cli-win32-arm64@2.3.5':
    resolution: {integrity: sha512-DlBiMlBZZ9eIq4H7RimDSGsYcOtfOIfZOaI5CqsWiSlbTfqbPVfWtCf92wNzx8GNMbu1s7/g3ZZESr6+GwM/SA==}
    engines: {node: '>=14.21.3'}
    cpu: [arm64]
    os: [win32]

  '@biomejs/cli-win32-x64@2.3.5':
    resolution: {integrity: sha512-nUmR8gb6yvrKhtRgzwo/gDimPwnO5a4sCydf8ZS2kHIJhEmSmk+STsusr1LHTuM//wXppBawvSQi2xFXJCdgKQ==}
    engines: {node: '>=14.21.3'}
    cpu: [x64]
    os: [win32]

  '@emnapi/core@1.7.1':
    resolution: {integrity: sha512-o1uhUASyo921r2XtHYOHy7gdkGLge8ghBEQHMWmyJFoXlpU58kIrhhN3w26lpQb6dspetweapMn2CSNwQ8I4wg==}

  '@emnapi/runtime@1.7.1':
    resolution: {integrity: sha512-PVtJr5CmLwYAU9PZDMITZoR5iAOShYREoR45EyyLrbntV50mdePTgUn4AmOw90Ifcj+x2kRjdzr1HP3RrNiHGA==}

  '@emnapi/wasi-threads@1.1.0':
    resolution: {integrity: sha512-WI0DdZ8xFSbgMjR1sFsKABJ/C5OnRrjT06JXbZKexJGrDuPTzZdDYfFlsgcCXCyf+suG5QU2e/y1Wo2V/OapLQ==}

  '@jridgewell/gen-mapping@0.3.13':
    resolution: {integrity: sha512-2kkt/7niJ6MgEPxF0bYdQ6etZaA+fQvDcLKckhy1yIQOzaoKjBBjSj63/aLVjYE3qhRt5dvM+uUyfCg6UKCBbA==}

  '@jridgewell/remapping@2.3.5':
    resolution: {integrity: sha512-LI9u/+laYG4Ds1TDKSJW2YPrIlcVYOwi2fUC6xB43lueCjgxV4lffOCZCtYFiH6TNOX+tQKXx97T4IKHbhyHEQ==}

  '@jridgewell/resolve-uri@3.1.2':
    resolution: {integrity: sha512-bRISgCIjP20/tbWSPWMEi54QVPRZExkuD9lJL+UIxUKtwVJA8wW1Trb1jMs1RFXo1CBTNZ/5hpC9QvmKWdopKw==}
    engines: {node: '>=6.0.0'}

  '@jridgewell/sourcemap-codec@1.5.5':
    resolution: {integrity: sha512-cYQ9310grqxueWbl+WuIUIaiUaDcj7WOq5fVhEljNVgRfOUhY9fy2zTvfoqWsnebh8Sl70VScFbICvJnLKB0Og==}

  '@jridgewell/trace-mapping@0.3.31':
    resolution: {integrity: sha512-zzNR+SdQSDJzc8joaeP8QQoCQr8NuYx2dIIytl1QeBEZHJ9uW6hebsrYgbz8hJwUQao3TWCMtmfV8Nu1twOLAw==}

  '@napi-rs/wasm-runtime@1.0.7':
    resolution: {integrity: sha512-SeDnOO0Tk7Okiq6DbXmmBODgOAb9dp9gjlphokTUxmt8U3liIP1ZsozBahH69j/RJv+Rfs6IwUKHTgQYJ/HBAw==}

  '@oxc-project/runtime@0.96.0':
    resolution: {integrity: sha512-34lh4o9CcSw09Hx6fKihPu85+m+4pmDlkXwJrLvN5nMq5JrcGhhihVM415zDqT8j8IixO1PYYdQZRN4SwQCncg==}
    engines: {node: ^20.19.0 || >=22.12.0}

  '@oxc-project/types@0.95.0':
    resolution: {integrity: sha512-vACy7vhpMPhjEJhULNxrdR0D943TkA/MigMpJCHmBHvMXxRStRi/dPtTlfQ3uDwWSzRpT8z+7ImjZVf8JWBocQ==}

  '@oxc-project/types@0.96.0':
    resolution: {integrity: sha512-r/xkmoXA0xEpU6UGtn18CNVjXH6erU3KCpCDbpLmbVxBFor1U9MqN5Z2uMmCHJuXjJzlnDR+hWY+yPoLo8oHDw==}

  '@quansync/fs@0.1.5':
    resolution: {integrity: sha512-lNS9hL2aS2NZgNW7BBj+6EBl4rOf8l+tQ0eRY6JWCI8jI2kc53gSoqbjojU0OnAWhzoXiOjFyGsHcDGePB3lhA==}

  '@rolldown/binding-android-arm64@1.0.0-beta.45':
    resolution: {integrity: sha512-bfgKYhFiXJALeA/riil908+2vlyWGdwa7Ju5S+JgWZYdR4jtiPOGdM6WLfso1dojCh+4ZWeiTwPeV9IKQEX+4g==}
    engines: {node: ^20.19.0 || >=22.12.0}
    cpu: [arm64]
    os: [android]

  '@rolldown/binding-android-arm64@1.0.0-beta.47':
    resolution: {integrity: sha512-vPP9/MZzESh9QtmvQYojXP/midjgkkc1E4AdnPPAzQXo668ncHJcVLKjJKzoBdsQmaIvNjrMdsCwES8vTQHRQw==}
    engines: {node: ^20.19.0 || >=22.12.0}
    cpu: [arm64]
    os: [android]

  '@rolldown/binding-darwin-arm64@1.0.0-beta.45':
    resolution: {integrity: sha512-xjCv4CRVsSnnIxTuyH1RDJl5OEQ1c9JYOwfDAHddjJDxCw46ZX9q80+xq7Eok7KC4bRSZudMJllkvOKv0T9SeA==}
    engines: {node: ^20.19.0 || >=22.12.0}
    cpu: [arm64]
    os: [darwin]

  '@rolldown/binding-darwin-arm64@1.0.0-beta.47':
    resolution: {integrity: sha512-Lc3nrkxeaDVCVl8qR3qoxh6ltDZfkQ98j5vwIr5ALPkgjZtDK4BGCrrBoLpGVMg+csWcaqUbwbKwH5yvVa0oOw==}
    engines: {node: ^20.19.0 || >=22.12.0}
    cpu: [arm64]
    os: [darwin]

  '@rolldown/binding-darwin-x64@1.0.0-beta.45':
    resolution: {integrity: sha512-ddcO9TD3D/CLUa/l8GO8LHzBOaZqWg5ClMy3jICoxwCuoz47h9dtqPsIeTiB6yR501LQTeDsjA4lIFd7u3Ljfw==}
    engines: {node: ^20.19.0 || >=22.12.0}
    cpu: [x64]
    os: [darwin]

  '@rolldown/binding-darwin-x64@1.0.0-beta.47':
    resolution: {integrity: sha512-eBYxQDwP0O33plqNVqOtUHqRiSYVneAknviM5XMawke3mwMuVlAsohtOqEjbCEl/Loi/FWdVeks5WkqAkzkYWQ==}
    engines: {node: ^20.19.0 || >=22.12.0}
    cpu: [x64]
    os: [darwin]

  '@rolldown/binding-freebsd-x64@1.0.0-beta.45':
    resolution: {integrity: sha512-MBTWdrzW9w+UMYDUvnEuh0pQvLENkl2Sis15fHTfHVW7ClbGuez+RWopZudIDEGkpZXdeI4CkRXk+vdIIebrmg==}
    engines: {node: ^20.19.0 || >=22.12.0}
    cpu: [x64]
    os: [freebsd]

  '@rolldown/binding-freebsd-x64@1.0.0-beta.47':
    resolution: {integrity: sha512-Ns+kgp2+1Iq/44bY/Z30DETUSiHY7ZuqaOgD5bHVW++8vme9rdiWsN4yG4rRPXkdgzjvQ9TDHmZZKfY4/G11AA==}
    engines: {node: ^20.19.0 || >=22.12.0}
    cpu: [x64]
    os: [freebsd]

  '@rolldown/binding-linux-arm-gnueabihf@1.0.0-beta.45':
    resolution: {integrity: sha512-4YgoCFiki1HR6oSg+GxxfzfnVCesQxLF1LEnw9uXS/MpBmuog0EOO2rYfy69rWP4tFZL9IWp6KEfGZLrZ7aUog==}
    engines: {node: ^20.19.0 || >=22.12.0}
    cpu: [arm]
    os: [linux]

  '@rolldown/binding-linux-arm-gnueabihf@1.0.0-beta.47':
    resolution: {integrity: sha512-4PecgWCJhTA2EFOlptYJiNyVP2MrVP4cWdndpOu3WmXqWqZUmSubhb4YUAIxAxnXATlGjC1WjxNPhV7ZllNgdA==}
    engines: {node: ^20.19.0 || >=22.12.0}
    cpu: [arm]
    os: [linux]

  '@rolldown/binding-linux-arm64-gnu@1.0.0-beta.45':
    resolution: {integrity: sha512-LE1gjAwQRrbCOorJJ7LFr10s5vqYf5a00V5Ea9wXcT2+56n5YosJkcp8eQ12FxRBv2YX8dsdQJb+ZTtYJwb6XQ==}
    engines: {node: ^20.19.0 || >=22.12.0}
    cpu: [arm64]
    os: [linux]

  '@rolldown/binding-linux-arm64-gnu@1.0.0-beta.47':
    resolution: {integrity: sha512-CyIunZ6D9U9Xg94roQI1INt/bLkOpPsZjZZkiaAZ0r6uccQdICmC99M9RUPlMLw/qg4yEWLlQhG73W/mG437NA==}
    engines: {node: ^20.19.0 || >=22.12.0}
    cpu: [arm64]
    os: [linux]

  '@rolldown/binding-linux-arm64-musl@1.0.0-beta.45':
    resolution: {integrity: sha512-tdy8ThO/fPp40B81v0YK3QC+KODOmzJzSUOO37DinQxzlTJ026gqUSOM8tzlVixRbQJltgVDCTYF8HNPRErQTA==}
    engines: {node: ^20.19.0 || >=22.12.0}
    cpu: [arm64]
    os: [linux]

  '@rolldown/binding-linux-arm64-musl@1.0.0-beta.47':
    resolution: {integrity: sha512-doozc/Goe7qRCSnzfJbFINTHsMktqmZQmweull6hsZZ9sjNWQ6BWQnbvOlfZJe4xE5NxM1NhPnY5Giqnl3ZrYQ==}
    engines: {node: ^20.19.0 || >=22.12.0}
    cpu: [arm64]
    os: [linux]

  '@rolldown/binding-linux-x64-gnu@1.0.0-beta.45':
    resolution: {integrity: sha512-lS082ROBWdmOyVY/0YB3JmsiClaWoxvC+dA8/rbhyB9VLkvVEaihLEOr4CYmrMse151C4+S6hCw6oa1iewox7g==}
    engines: {node: ^20.19.0 || >=22.12.0}
    cpu: [x64]
    os: [linux]

  '@rolldown/binding-linux-x64-gnu@1.0.0-beta.47':
    resolution: {integrity: sha512-fodvSMf6Aqwa0wEUSTPewmmZOD44rc5Tpr5p9NkwQ6W1SSpUKzD3SwpJIgANDOhwiYhDuiIaYPGB7Ujkx1q0UQ==}
    engines: {node: ^20.19.0 || >=22.12.0}
    cpu: [x64]
    os: [linux]

  '@rolldown/binding-linux-x64-musl@1.0.0-beta.45':
    resolution: {integrity: sha512-Hi73aYY0cBkr1/SvNQqH8Cd+rSV6S9RB5izCv0ySBcRnd/Wfn5plguUoGYwBnhHgFbh6cPw9m2dUVBR6BG1gxA==}
    engines: {node: ^20.19.0 || >=22.12.0}
    cpu: [x64]
    os: [linux]

  '@rolldown/binding-linux-x64-musl@1.0.0-beta.47':
    resolution: {integrity: sha512-Rxm5hYc0mGjwLh5sjlGmMygxAaV2gnsx7CNm2lsb47oyt5UQyPDZf3GP/ct8BEcwuikdqzsrrlIp8+kCSvMFNQ==}
    engines: {node: ^20.19.0 || >=22.12.0}
    cpu: [x64]
    os: [linux]

  '@rolldown/binding-openharmony-arm64@1.0.0-beta.45':
    resolution: {integrity: sha512-fljEqbO7RHHogNDxYtTzr+GNjlfOx21RUyGmF+NrkebZ8emYYiIqzPxsaMZuRx0rgZmVmliOzEp86/CQFDKhJQ==}
    engines: {node: ^20.19.0 || >=22.12.0}
    cpu: [arm64]
    os: [openharmony]

  '@rolldown/binding-openharmony-arm64@1.0.0-beta.47':
    resolution: {integrity: sha512-YakuVe+Gc87jjxazBL34hbr8RJpRuFBhun7NEqoChVDlH5FLhLXjAPHqZd990TVGVNkemourf817Z8u2fONS8w==}
    engines: {node: ^20.19.0 || >=22.12.0}
    cpu: [arm64]
    os: [openharmony]

  '@rolldown/binding-wasm32-wasi@1.0.0-beta.45':
    resolution: {integrity: sha512-ZJDB7lkuZE9XUnWQSYrBObZxczut+8FZ5pdanm8nNS1DAo8zsrPuvGwn+U3fwU98WaiFsNrA4XHngesCGr8tEQ==}
    engines: {node: '>=14.0.0'}
    cpu: [wasm32]

  '@rolldown/binding-wasm32-wasi@1.0.0-beta.47':
    resolution: {integrity: sha512-ak2GvTFQz3UAOw8cuQq8pWE+TNygQB6O47rMhvevvTzETh7VkHRFtRUwJynX5hwzFvQMP6G0az5JrBGuwaMwYQ==}
    engines: {node: '>=14.0.0'}
    cpu: [wasm32]

  '@rolldown/binding-win32-arm64-msvc@1.0.0-beta.45':
    resolution: {integrity: sha512-zyzAjItHPUmxg6Z8SyRhLdXlJn3/D9KL5b9mObUrBHhWS/GwRH4665xCiFqeuktAhhWutqfc+rOV2LjK4VYQGQ==}
    engines: {node: ^20.19.0 || >=22.12.0}
    cpu: [arm64]
    os: [win32]

  '@rolldown/binding-win32-arm64-msvc@1.0.0-beta.47':
    resolution: {integrity: sha512-o5BpmBnXU+Cj+9+ndMcdKjhZlPb79dVPBZnWwMnI4RlNSSq5yOvFZqvfPYbyacvnW03Na4n5XXQAPhu3RydZ0w==}
    engines: {node: ^20.19.0 || >=22.12.0}
    cpu: [arm64]
    os: [win32]

  '@rolldown/binding-win32-ia32-msvc@1.0.0-beta.45':
    resolution: {integrity: sha512-wODcGzlfxqS6D7BR0srkJk3drPwXYLu7jPHN27ce2c4PUnVVmJnp9mJzUQGT4LpmHmmVdMZ+P6hKvyTGBzc1CA==}
    engines: {node: ^20.19.0 || >=22.12.0}
    cpu: [ia32]
    os: [win32]

  '@rolldown/binding-win32-ia32-msvc@1.0.0-beta.47':
    resolution: {integrity: sha512-FVOmfyYehNE92IfC9Kgs913UerDog2M1m+FADJypKz0gmRg3UyTt4o1cZMCAl7MiR89JpM9jegNO1nXuP1w1vw==}
    engines: {node: ^20.19.0 || >=22.12.0}
    cpu: [ia32]
    os: [win32]

  '@rolldown/binding-win32-x64-msvc@1.0.0-beta.45':
    resolution: {integrity: sha512-wiU40G1nQo9rtfvF9jLbl79lUgjfaD/LTyUEw2Wg/gdF5OhjzpKMVugZQngO+RNdwYaNj+Fs+kWBWfp4VXPMHA==}
    engines: {node: ^20.19.0 || >=22.12.0}
    cpu: [x64]
    os: [win32]

  '@rolldown/binding-win32-x64-msvc@1.0.0-beta.47':
    resolution: {integrity: sha512-by/70F13IUE101Bat0oeH8miwWX5mhMFPk1yjCdxoTNHTyTdLgb0THNaebRM6AP7Kz+O3O2qx87sruYuF5UxHg==}
    engines: {node: ^20.19.0 || >=22.12.0}
    cpu: [x64]
    os: [win32]

  '@rolldown/pluginutils@1.0.0-beta.45':
    resolution: {integrity: sha512-Le9ulGCrD8ggInzWw/k2J8QcbPz7eGIOWqfJ2L+1R0Opm7n6J37s2hiDWlh6LJN0Lk9L5sUzMvRHKW7UxBZsQA==}

  '@rolldown/pluginutils@1.0.0-beta.47':
    resolution: {integrity: sha512-8QagwMH3kNCuzD8EWL8R2YPW5e4OrHNSAHRFDdmFqEwEaD/KcNKjVoumo+gP2vW5eKB2UPbM6vTYiGZX0ixLnw==}

  '@tybys/wasm-util@0.10.1':
    resolution: {integrity: sha512-9tTaPJLSiejZKx+Bmog4uSubteqTvFrVrURwkmHixBo0G4seD0zUxp98E1DzUBJxLQ3NPwXrGKDiVjwx/DpPsg==}

  '@typegpu/noise@0.8.0':
    resolution: {integrity: sha512-NScTVc06yIOcg8xAobGJ/YyXO2rsn2ir9MVcpZXSHBpc1OheN0B8JZdseZ1ja+tqxjT6uirff2xqAP/fwpYqWg==}
    peerDependencies:
      typegpu: ^0.8.0

  '@typegpu/sdf@0.8.0':
    resolution: {integrity: sha512-1sAedTStyKA+IA9p7vp5qZmpIhZ8xEyOAkDVFXHOymoZBcF2y/uFYVZhQCYBprEzXpxO5iZzVAaasqf2n+JXtg==}
    peerDependencies:
      typegpu: ^0.8.0

  '@types/estree@1.0.8':
    resolution: {integrity: sha512-dWHzHa2WqEXI/O1E9OjrocMTKJl2mSrEolh1Iomrv6U+JuNwaHXsXx9bLu5gG7BUWFIN0skIQJQ/L1rIex4X6w==}

  '@webgpu/types@0.1.66':
    resolution: {integrity: sha512-YA2hLrwLpDsRueNDXIMqN9NTzD6bCDkuXbOSe0heS+f8YE8usA6Gbv1prj81pzVHrbaAma7zObnIC+I6/sXJgA==}

  acorn@8.15.0:
    resolution: {integrity: sha512-NZyJarBfL7nWwIq+FDL6Zp/yHEhePMNnnJ0y3qfieCrmNvYct8uvtiV41UvlSe6apAfk0fY1FbWx+NwfmpvtTg==}
    engines: {node: '>=0.4.0'}
    hasBin: true

  ansis@4.2.0:
    resolution: {integrity: sha512-HqZ5rWlFjGiV0tDm3UxxgNRqsOTniqoKZu0pIAfh7TZQMGuZK+hH0drySty0si0QXj1ieop4+SkSfPZBPPkHig==}
    engines: {node: '>=14'}

  ast-kit@2.2.0:
    resolution: {integrity: sha512-m1Q/RaVOnTp9JxPX+F+Zn7IcLYMzM8kZofDImfsKZd8MbR+ikdOzTeztStWqfrqIxZnYWryyI9ePm3NGjnZgGw==}
    engines: {node: '>=20.19.0'}

  birpc@2.8.0:
    resolution: {integrity: sha512-Bz2a4qD/5GRhiHSwj30c/8kC8QGj12nNDwz3D4ErQ4Xhy35dsSDvF+RA/tWpjyU0pdGtSDiEk6B5fBGE1qNVhw==}

  cac@6.7.14:
    resolution: {integrity: sha512-b6Ilus+c3RrdDk+JhLKUAQfzzgLEPy6wcXqS7f/xe1EETvsDP6GORG7SFuOs6cID5YkqchW/LXZbX5bc8j7ZcQ==}
    engines: {node: '>=8'}

  chokidar@4.0.3:
    resolution: {integrity: sha512-Qgzu8kfBvo+cA4962jnP1KkS6Dop5NS6g7R5LFYJr4b8Ub94PPQXUksCw9PvXoeXPRRddRNC5C1JQUR2SMGtnA==}
    engines: {node: '>= 14.16.0'}

  debug@4.4.3:
    resolution: {integrity: sha512-RGwwWnwQvkVfavKVt22FGLw+xYSdzARwm0ru6DhTVA3umU5hZc28V3kO4stgYryrTlLpuvgI9GiijltAjNbcqA==}
    engines: {node: '>=6.0'}
    peerDependencies:
      supports-color: '*'
    peerDependenciesMeta:
      supports-color:
        optional: true

  defu@6.1.4:
    resolution: {integrity: sha512-mEQCMmwJu317oSz8CwdIOdwf3xMif1ttiM8LTufzc3g6kR+9Pe236twL8j3IYT1F7GfRgGcW6MWxzZjLIkuHIg==}

  detect-libc@2.1.2:
    resolution: {integrity: sha512-Btj2BOOO83o3WyH59e8MgXsxEQVcarkUOpEYrubB0urwnN10yQ364rsiByU11nZlqWYZm05i/of7io4mzihBtQ==}
    engines: {node: '>=8'}

  diff@8.0.2:
    resolution: {integrity: sha512-sSuxWU5j5SR9QQji/o2qMvqRNYRDOcBTgsJ/DeCf4iSN4gW+gNMXM7wFIP+fdXZxoNiAnHUTGjCr+TSWXdRDKg==}
    engines: {node: '>=0.3.1'}

  dts-resolver@2.1.3:
    resolution: {integrity: sha512-bihc7jPC90VrosXNzK0LTE2cuLP6jr0Ro8jk+kMugHReJVLIpHz/xadeq3MhuwyO4TD4OA3L1Q8pBBFRc08Tsw==}
    engines: {node: '>=20.19.0'}
    peerDependencies:
      oxc-resolver: '>=11.0.0'
    peerDependenciesMeta:
      oxc-resolver:
        optional: true

  empathic@2.0.0:
    resolution: {integrity: sha512-i6UzDscO/XfAcNYD75CfICkmfLedpyPDdozrLMmQc5ORaQcdMoc21OnlEylMIqI7U8eniKrPMxxtj8k0vhmJhA==}
    engines: {node: '>=14'}

  estree-walker@3.0.3:
    resolution: {integrity: sha512-7RUKfXgSMMkzt6ZuXmqapOurLGPPfgj6l9uRZ7lRGolvk0y2yocc35LdcxKC5PQZdn2DMqioAQ2NoWcrTKmm6g==}

  fdir@6.5.0:
    resolution: {integrity: sha512-tIbYtZbucOs0BRGqPJkshJUYdL+SDH7dVM8gjy+ERp3WAUjLEFJE+02kanyHtwjWOnwrKYBiwAmM0p4kLJAnXg==}
    engines: {node: '>=12.0.0'}
    peerDependencies:
      picomatch: ^3 || ^4
    peerDependenciesMeta:
      picomatch:
        optional: true

  fsevents@2.3.3:
    resolution: {integrity: sha512-5xoDfX+fL7faATnagmWPpbFtwh/R77WmMMqqHGS65C3vvB0YHrgF+B1YmZ3441tMj5n63k0212XNoJwzlhffQw==}
    engines: {node: ^8.16.0 || ^10.6.0 || >=11.0.0}
    os: [darwin]

  get-tsconfig@4.13.0:
    resolution: {integrity: sha512-1VKTZJCwBrvbd+Wn3AOgQP/2Av+TfTCOlE4AcRJE72W1ksZXbAx8PPBR9RzgTeSPzlPMHrbANMH3LbltH73wxQ==}

  hookable@5.5.3:
    resolution: {integrity: sha512-Yc+BQe8SvoXH1643Qez1zqLRmbA5rCL+sSmk6TVos0LWVfNIB7PGncdlId77WzLGSIB5KaWgTaNTs2lNVEI6VQ==}

  jiti@2.6.1:
    resolution: {integrity: sha512-ekilCSN1jwRvIbgeg/57YFh8qQDNbwDb9xT/qu2DAHbFFZUicIl4ygVaAvzveMhMVr3LnpSKTNnwt8PoOfmKhQ==}
    hasBin: true

  jsesc@3.1.0:
    resolution: {integrity: sha512-/sM3dO2FOzXjKQhJuo0Q173wf2KOo8t4I8vHy6lF9poUp7bKT0/NHE8fPX23PwfhnykfqnC2xRxOnVw5XuGIaA==}
    engines: {node: '>=6'}
    hasBin: true

  lightningcss-android-arm64@1.30.2:
    resolution: {integrity: sha512-BH9sEdOCahSgmkVhBLeU7Hc9DWeZ1Eb6wNS6Da8igvUwAe0sqROHddIlvU06q3WyXVEOYDZ6ykBZQnjTbmo4+A==}
    engines: {node: '>= 12.0.0'}
    cpu: [arm64]
    os: [android]

  lightningcss-darwin-arm64@1.30.2:
    resolution: {integrity: sha512-ylTcDJBN3Hp21TdhRT5zBOIi73P6/W0qwvlFEk22fkdXchtNTOU4Qc37SkzV+EKYxLouZ6M4LG9NfZ1qkhhBWA==}
    engines: {node: '>= 12.0.0'}
    cpu: [arm64]
    os: [darwin]

  lightningcss-darwin-x64@1.30.2:
    resolution: {integrity: sha512-oBZgKchomuDYxr7ilwLcyms6BCyLn0z8J0+ZZmfpjwg9fRVZIR5/GMXd7r9RH94iDhld3UmSjBM6nXWM2TfZTQ==}
    engines: {node: '>= 12.0.0'}
    cpu: [x64]
    os: [darwin]

  lightningcss-freebsd-x64@1.30.2:
    resolution: {integrity: sha512-c2bH6xTrf4BDpK8MoGG4Bd6zAMZDAXS569UxCAGcA7IKbHNMlhGQ89eRmvpIUGfKWNVdbhSbkQaWhEoMGmGslA==}
    engines: {node: '>= 12.0.0'}
    cpu: [x64]
    os: [freebsd]

  lightningcss-linux-arm-gnueabihf@1.30.2:
    resolution: {integrity: sha512-eVdpxh4wYcm0PofJIZVuYuLiqBIakQ9uFZmipf6LF/HRj5Bgm0eb3qL/mr1smyXIS1twwOxNWndd8z0E374hiA==}
    engines: {node: '>= 12.0.0'}
    cpu: [arm]
    os: [linux]

  lightningcss-linux-arm64-gnu@1.30.2:
    resolution: {integrity: sha512-UK65WJAbwIJbiBFXpxrbTNArtfuznvxAJw4Q2ZGlU8kPeDIWEX1dg3rn2veBVUylA2Ezg89ktszWbaQnxD/e3A==}
    engines: {node: '>= 12.0.0'}
    cpu: [arm64]
    os: [linux]

  lightningcss-linux-arm64-musl@1.30.2:
    resolution: {integrity: sha512-5Vh9dGeblpTxWHpOx8iauV02popZDsCYMPIgiuw97OJ5uaDsL86cnqSFs5LZkG3ghHoX5isLgWzMs+eD1YzrnA==}
    engines: {node: '>= 12.0.0'}
    cpu: [arm64]
    os: [linux]

  lightningcss-linux-x64-gnu@1.30.2:
    resolution: {integrity: sha512-Cfd46gdmj1vQ+lR6VRTTadNHu6ALuw2pKR9lYq4FnhvgBc4zWY1EtZcAc6EffShbb1MFrIPfLDXD6Xprbnni4w==}
    engines: {node: '>= 12.0.0'}
    cpu: [x64]
    os: [linux]

  lightningcss-linux-x64-musl@1.30.2:
    resolution: {integrity: sha512-XJaLUUFXb6/QG2lGIW6aIk6jKdtjtcffUT0NKvIqhSBY3hh9Ch+1LCeH80dR9q9LBjG3ewbDjnumefsLsP6aiA==}
    engines: {node: '>= 12.0.0'}
    cpu: [x64]
    os: [linux]

  lightningcss-win32-arm64-msvc@1.30.2:
    resolution: {integrity: sha512-FZn+vaj7zLv//D/192WFFVA0RgHawIcHqLX9xuWiQt7P0PtdFEVaxgF9rjM/IRYHQXNnk61/H/gb2Ei+kUQ4xQ==}
    engines: {node: '>= 12.0.0'}
    cpu: [arm64]
    os: [win32]

  lightningcss-win32-x64-msvc@1.30.2:
    resolution: {integrity: sha512-5g1yc73p+iAkid5phb4oVFMB45417DkRevRbt/El/gKXJk4jid+vPFF/AXbxn05Aky8PapwzZrdJShv5C0avjw==}
    engines: {node: '>= 12.0.0'}
    cpu: [x64]
    os: [win32]

  lightningcss@1.30.2:
    resolution: {integrity: sha512-utfs7Pr5uJyyvDETitgsaqSyjCb2qNRAtuqUeWIAKztsOYdcACf2KtARYXg2pSvhkt+9NfoaNY7fxjl6nuMjIQ==}
    engines: {node: '>= 12.0.0'}

  magic-string-ast@1.0.3:
    resolution: {integrity: sha512-CvkkH1i81zl7mmb94DsRiFeG9V2fR2JeuK8yDgS8oiZSFa++wWLEgZ5ufEOyLHbvSbD1gTRKv9NdX69Rnvr9JA==}
    engines: {node: '>=20.19.0'}

  magic-string@0.30.21:
    resolution: {integrity: sha512-vd2F4YUyEXKGcLHoq+TEyCjxueSeHnFxyyjNp80yg0XV4vUhnDer/lvvlqM/arB5bXQN5K2/3oinyCRyx8T2CQ==}

  ms@2.1.3:
    resolution: {integrity: sha512-6FlzubTLZG3J2a/NVCAleEhjzq5oxgHyaCU9yYXvcLsvoVaHJq/s5xXI6/XXP6tz7R9xAOtHnSO/tXtF3WRTlA==}

  nanoid@3.3.11:
    resolution: {integrity: sha512-N8SpfPUnUp1bK+PMYW8qSWdl9U+wwNWI4QKxOYDy9JAro3WMX7p2OeVRF9v+347pnakNevPmiHhNmZ2HbFA76w==}
    engines: {node: ^10 || ^12 || ^13.7 || ^14 || >=15.0.1}
    hasBin: true

  obug@1.0.0:
    resolution: {integrity: sha512-WKcS43Yl6YPJekid7KiRdT6CHMSmYWVfJiSFbTaGxWQlC+cEBPxHa9jR1uS2cMiQmXd8Hsa2ipAKErQ/GLhSpg==}
    peerDependencies:
      ms: ^2.0.0
    peerDependenciesMeta:
      ms:
        optional: true

  pathe@2.0.3:
    resolution: {integrity: sha512-WUjGcAqP1gQacoQe+OBJsFA7Ld4DyXuUIjZ5cc75cLHvJ7dtNsTugphxIADwspS+AraAUePCKrSVtPLFj/F88w==}

  picocolors@1.1.1:
    resolution: {integrity: sha512-xceH2snhtb5M9liqDsmEw56le376mTZkEX/jEb/RxNFyegNul7eNslCXP9FDj/Lcu0X8KEyMceP2ntpaHrDEVA==}

  picomatch@4.0.3:
    resolution: {integrity: sha512-5gTmgEY/sqK6gFXLIsQNH19lWb4ebPDLA4SdLP7dsWkIXHWlG66oPuVvXSGFPppYZz8ZDZq0dYYrbHfBCVUb1Q==}
    engines: {node: '>=12'}

  postcss@8.5.6:
    resolution: {integrity: sha512-3Ybi1tAuwAP9s0r1UQ2J4n5Y0G05bJkpUIO0/bI9MhwmD70S5aTWbXGBwxHrelT+XM1k6dM0pk+SwNkpTRN7Pg==}
    engines: {node: ^10 || ^12 || >=14}

  quansync@0.2.11:
    resolution: {integrity: sha512-AifT7QEbW9Nri4tAwR5M/uzpBuqfZf+zwaEM/QkzEjj7NBuFD2rBuy0K3dE+8wltbezDV7JMA0WfnCPYRSYbXA==}

  readdirp@4.1.2:
    resolution: {integrity: sha512-GDhwkLfywWL2s6vEjyhri+eXmfH6j1L7JE27WhqLeYzoh/A3DBaYGEj2H/HFZCn/kMfim73FXxEJTw06WtxQwg==}
    engines: {node: '>= 14.18.0'}

  resolve-pkg-maps@1.0.0:
    resolution: {integrity: sha512-seS2Tj26TBVOC2NIc2rOe2y2ZO7efxITtLZcGSOnHHNOQ7CkiUBfw0Iw2ck6xkIhPwLhKNLS8BO+hEpngQlqzw==}

  rolldown-plugin-dts@0.17.7:
    resolution: {integrity: sha512-ZGgXMhzCItmznNzbJlTcC/KdM6bIwcZoYUykJ2q14HOGvnMhnl2RXU+XrIrdjA2Hyzq3nWqDH7qWaM5a4uCVnw==}
    engines: {node: '>=20.18.0'}
    peerDependencies:
      '@ts-macro/tsc': ^0.3.6
      '@typescript/native-preview': '>=7.0.0-dev.20250601.1'
      rolldown: ^1.0.0-beta.44
      typescript: ^5.0.0
      vue-tsc: ~3.1.0
    peerDependenciesMeta:
      '@ts-macro/tsc':
        optional: true
      '@typescript/native-preview':
        optional: true
      typescript:
        optional: true
      vue-tsc:
        optional: true

  rolldown-vite@7.2.2:
    resolution: {integrity: sha512-Fl3ZdmJhDMJGcqrr342pPVrhugXdOcuNBRBauz4S7QGSRXbQy7y8q5QYJtgkcrG8XjY0EENSZeTk58c3m20FxA==}
    engines: {node: ^20.19.0 || >=22.12.0}
    hasBin: true
    peerDependencies:
      '@types/node': ^20.19.0 || >=22.12.0
      esbuild: ^0.25.0
      jiti: '>=1.21.0'
      less: ^4.0.0
      sass: ^1.70.0
      sass-embedded: ^1.70.0
      stylus: '>=0.54.8'
      sugarss: ^5.0.0
      terser: ^5.16.0
      tsx: ^4.8.1
      yaml: ^2.4.2
    peerDependenciesMeta:
      '@types/node':
        optional: true
      esbuild:
        optional: true
      jiti:
        optional: true
      less:
        optional: true
      sass:
        optional: true
      sass-embedded:
        optional: true
      stylus:
        optional: true
      sugarss:
        optional: true
      terser:
        optional: true
      tsx:
        optional: true
      yaml:
        optional: true

  rolldown@1.0.0-beta.45:
    resolution: {integrity: sha512-iMmuD72XXLf26Tqrv1cryNYLX6NNPLhZ3AmNkSf8+xda0H+yijjGJ+wVT9UdBUHOpKzq9RjKtQKRCWoEKQQBZQ==}
    engines: {node: ^20.19.0 || >=22.12.0}
    hasBin: true

  rolldown@1.0.0-beta.47:
    resolution: {integrity: sha512-Mid74GckX1OeFAOYz9KuXeWYhq3xkXbMziYIC+ULVdUzPTG9y70OBSBQDQn9hQP8u/AfhuYw1R0BSg15nBI4Dg==}
    engines: {node: ^20.19.0 || >=22.12.0}
    hasBin: true

  semver@7.7.3:
    resolution: {integrity: sha512-SdsKMrI9TdgjdweUSR9MweHA4EJ8YxHn8DFaDisvhVlUOe4BF1tLD7GAj0lIqWVl+dPb/rExr0Btby5loQm20Q==}
    engines: {node: '>=10'}
    hasBin: true

  source-map-js@1.2.1:
    resolution: {integrity: sha512-UXWMKhLOwVKb728IUtQPXxfYU+usdybtUrK/8uGE8CQMvrhOpwvzDBwj0QhSL7MQc7vIsISBG8VQ8+IDQxpfQA==}
    engines: {node: '>=0.10.0'}

  tinyest-for-wgsl@0.1.3:
    resolution: {integrity: sha512-Wm5ADG1UyDxykf42S1gLYP4U9e1QP/TdtJeovQi6y68zttpiFLKqQGioHmPs9Mjysh7YMSAr/Lpuk0cD2MVdGA==}
    engines: {node: '>=12.20.0'}

  tinyest@0.1.2:
    resolution: {integrity: sha512-aHRmouyowIq1P5jrTF+YK6pGX+WuvFtSCLbqk91yHnU3SWQRIcNIamZLM5XF6lLqB13AWz0PGPXRff2QGDsxIg==}
    engines: {node: '>=12.20.0'}

  tinyexec@1.0.2:
    resolution: {integrity: sha512-W/KYk+NFhkmsYpuHq5JykngiOCnxeVL8v8dFnqxSD8qEEdRfXk1SDM6JzNqcERbcGYj9tMrDQBYV9cjgnunFIg==}
    engines: {node: '>=18'}

  tinyglobby@0.2.15:
    resolution: {integrity: sha512-j2Zq4NyQYG5XMST4cbs02Ak8iJUdxRM0XI5QyxXuZOzKOINmWurp3smXu3y5wDcJrptwpSjgXHzIQxR0omXljQ==}
    engines: {node: '>=12.0.0'}

  tree-kill@1.2.2:
    resolution: {integrity: sha512-L0Orpi8qGpRG//Nd+H90vFB+3iHnue1zSSGmNOOCh1GLJ7rUKVwV2HvijphGQS2UmhUZewS9VgvxYIdgr+fG1A==}
    hasBin: true

  tsdown@0.15.12:
    resolution: {integrity: sha512-c8VLlQm8/lFrOAg5VMVeN4NAbejZyVQkzd+ErjuaQgJFI/9MhR9ivr0H/CM7UlOF1+ELlF6YaI7sU/4itgGQ8w==}
    engines: {node: '>=20.19.0'}
    hasBin: true
    peerDependencies:
      '@arethetypeswrong/core': ^0.18.1
      publint: ^0.3.0
      typescript: ^5.0.0
      unplugin-lightningcss: ^0.4.0
      unplugin-unused: ^0.5.0
      unrun: ^0.2.1
    peerDependenciesMeta:
      '@arethetypeswrong/core':
        optional: true
      publint:
        optional: true
      typescript:
        optional: true
      unplugin-lightningcss:
        optional: true
      unplugin-unused:
        optional: true
      unrun:
        optional: true

  tslib@2.8.1:
    resolution: {integrity: sha512-oJFu94HQb+KVduSUQL7wnpmqnfmLsOA/nAh6b6EH0wCEoK0/mPeXU6c3wKDV83MkOuHPRHtSXKKU99IBazS/2w==}

  typed-binary@4.3.2:
    resolution: {integrity: sha512-HT3pIBM2njCZUmeczDaQUUErGiM6GXFCqMsHegE12HCoBtvHCkfR10JJni0TeGOTnLilTd6YFyj+YhflqQDrDQ==}

  typegpu@0.8.2:
    resolution: {integrity: sha512-wkMJWhJE0pSkw2G/FesjqjbtHkREyOKu1Zmyj19xfmaX5+65YFwgfQNKSK8CxqN4kJkP7JFelLDJTSYY536TYg==}
    engines: {node: '>=12.20.0'}

  typescript@5.9.3:
    resolution: {integrity: sha512-jl1vZzPDinLr9eUt3J/t7V6FgNEw9QjvBPdysz9KfQDD41fQrC2Y4vKQdiaUpFT4bXlb1RHhLpp8wtm6M5TgSw==}
    engines: {node: '>=14.17'}
    hasBin: true

  unconfig-core@7.4.1:
    resolution: {integrity: sha512-Bp/bPZjV2Vl/fofoA2OYLSnw1Z0MOhCX7zHnVCYrazpfZvseBbGhwcNQMxsg185Mqh7VZQqK3C8hFG/Dyng+yA==}

  unconfig@7.4.1:
    resolution: {integrity: sha512-uyQ7LElcGizrOGZyIq9KU+xkuEjcRf9IpmDTkCSYv5mEeZzrXSj6rb51C0L+WTedsmAoVxW9WKrLWhSwebIM9Q==}

  unplugin-typegpu@0.8.0:
    resolution: {integrity: sha512-VJHdXSXGOkAx0WhwFczhVUjAI6HyDkrQXk20HnwyuzIE3FdqE5l9sJTCYZzoVGo3z8i/IA5TMHCDzzP0Bc97Cw==}
    peerDependencies:
      typegpu: ^0.8.0

  unplugin@2.3.10:
    resolution: {integrity: sha512-6NCPkv1ClwH+/BGE9QeoTIl09nuiAt0gS28nn1PvYXsGKRwM2TCbFA2QiilmehPDTXIe684k4rZI1yl3A1PCUw==}
    engines: {node: '>=18.12.0'}

  webpack-virtual-modules@0.6.2:
    resolution: {integrity: sha512-66/V2i5hQanC51vBQKPH4aI8NMAcBW59FVBs+rC7eGHupMyfn34q7rZIE+ETlJ+XTevqfUhVVBgSUNSW2flEUQ==}

  wgpu-matrix@3.4.0:
    resolution: {integrity: sha512-kXHrbAPKEn9A32Wf4wVldyx9MmnzwhuB5p8GCqoJP3ItU5+iDT4J3aTQwPZWkfb153hwGtqZtUwR2M+ipJKadg==}

snapshots:

  '@babel/generator@7.28.5':
    dependencies:
      '@babel/parser': 7.28.5
      '@babel/types': 7.28.5
      '@jridgewell/gen-mapping': 0.3.13
      '@jridgewell/trace-mapping': 0.3.31
      jsesc: 3.1.0

  '@babel/helper-string-parser@7.27.1': {}

  '@babel/helper-validator-identifier@7.28.5': {}

  '@babel/parser@7.28.5':
    dependencies:
      '@babel/types': 7.28.5

  '@babel/standalone@7.28.5': {}

  '@babel/types@7.28.5':
    dependencies:
      '@babel/helper-string-parser': 7.27.1
      '@babel/helper-validator-identifier': 7.28.5

  '@biomejs/biome@2.3.5':
    optionalDependencies:
      '@biomejs/cli-darwin-arm64': 2.3.5
      '@biomejs/cli-darwin-x64': 2.3.5
      '@biomejs/cli-linux-arm64': 2.3.5
      '@biomejs/cli-linux-arm64-musl': 2.3.5
      '@biomejs/cli-linux-x64': 2.3.5
      '@biomejs/cli-linux-x64-musl': 2.3.5
      '@biomejs/cli-win32-arm64': 2.3.5
      '@biomejs/cli-win32-x64': 2.3.5

  '@biomejs/cli-darwin-arm64@2.3.5':
    optional: true

  '@biomejs/cli-darwin-x64@2.3.5':
    optional: true

  '@biomejs/cli-linux-arm64-musl@2.3.5':
    optional: true

  '@biomejs/cli-linux-arm64@2.3.5':
    optional: true

  '@biomejs/cli-linux-x64-musl@2.3.5':
    optional: true

  '@biomejs/cli-linux-x64@2.3.5':
    optional: true

  '@biomejs/cli-win32-arm64@2.3.5':
    optional: true

  '@biomejs/cli-win32-x64@2.3.5':
    optional: true

  '@emnapi/core@1.7.1':
    dependencies:
      '@emnapi/wasi-threads': 1.1.0
      tslib: 2.8.1
    optional: true

  '@emnapi/runtime@1.7.1':
    dependencies:
      tslib: 2.8.1
    optional: true

  '@emnapi/wasi-threads@1.1.0':
    dependencies:
      tslib: 2.8.1
    optional: true

  '@jridgewell/gen-mapping@0.3.13':
    dependencies:
      '@jridgewell/sourcemap-codec': 1.5.5
      '@jridgewell/trace-mapping': 0.3.31

  '@jridgewell/remapping@2.3.5':
    dependencies:
      '@jridgewell/gen-mapping': 0.3.13
      '@jridgewell/trace-mapping': 0.3.31

  '@jridgewell/resolve-uri@3.1.2': {}

  '@jridgewell/sourcemap-codec@1.5.5': {}

  '@jridgewell/trace-mapping@0.3.31':
    dependencies:
      '@jridgewell/resolve-uri': 3.1.2
      '@jridgewell/sourcemap-codec': 1.5.5

  '@napi-rs/wasm-runtime@1.0.7':
    dependencies:
      '@emnapi/core': 1.7.1
      '@emnapi/runtime': 1.7.1
      '@tybys/wasm-util': 0.10.1
    optional: true

  '@oxc-project/runtime@0.96.0': {}

  '@oxc-project/types@0.95.0': {}

  '@oxc-project/types@0.96.0': {}

  '@quansync/fs@0.1.5':
    dependencies:
      quansync: 0.2.11

  '@rolldown/binding-android-arm64@1.0.0-beta.45':
    optional: true

  '@rolldown/binding-android-arm64@1.0.0-beta.47':
    optional: true

  '@rolldown/binding-darwin-arm64@1.0.0-beta.45':
    optional: true

  '@rolldown/binding-darwin-arm64@1.0.0-beta.47':
    optional: true

  '@rolldown/binding-darwin-x64@1.0.0-beta.45':
    optional: true

  '@rolldown/binding-darwin-x64@1.0.0-beta.47':
    optional: true

  '@rolldown/binding-freebsd-x64@1.0.0-beta.45':
    optional: true

  '@rolldown/binding-freebsd-x64@1.0.0-beta.47':
    optional: true

  '@rolldown/binding-linux-arm-gnueabihf@1.0.0-beta.45':
    optional: true

  '@rolldown/binding-linux-arm-gnueabihf@1.0.0-beta.47':
    optional: true

  '@rolldown/binding-linux-arm64-gnu@1.0.0-beta.45':
    optional: true

  '@rolldown/binding-linux-arm64-gnu@1.0.0-beta.47':
    optional: true

  '@rolldown/binding-linux-arm64-musl@1.0.0-beta.45':
    optional: true

  '@rolldown/binding-linux-arm64-musl@1.0.0-beta.47':
    optional: true

  '@rolldown/binding-linux-x64-gnu@1.0.0-beta.45':
    optional: true

  '@rolldown/binding-linux-x64-gnu@1.0.0-beta.47':
    optional: true

  '@rolldown/binding-linux-x64-musl@1.0.0-beta.45':
    optional: true

  '@rolldown/binding-linux-x64-musl@1.0.0-beta.47':
    optional: true

  '@rolldown/binding-openharmony-arm64@1.0.0-beta.45':
    optional: true

  '@rolldown/binding-openharmony-arm64@1.0.0-beta.47':
    optional: true

  '@rolldown/binding-wasm32-wasi@1.0.0-beta.45':
    dependencies:
      '@napi-rs/wasm-runtime': 1.0.7
    optional: true

  '@rolldown/binding-wasm32-wasi@1.0.0-beta.47':
    dependencies:
      '@napi-rs/wasm-runtime': 1.0.7
    optional: true

  '@rolldown/binding-win32-arm64-msvc@1.0.0-beta.45':
    optional: true

  '@rolldown/binding-win32-arm64-msvc@1.0.0-beta.47':
    optional: true

  '@rolldown/binding-win32-ia32-msvc@1.0.0-beta.45':
    optional: true

  '@rolldown/binding-win32-ia32-msvc@1.0.0-beta.47':
    optional: true

  '@rolldown/binding-win32-x64-msvc@1.0.0-beta.45':
    optional: true

  '@rolldown/binding-win32-x64-msvc@1.0.0-beta.47':
    optional: true

  '@rolldown/pluginutils@1.0.0-beta.45': {}

  '@rolldown/pluginutils@1.0.0-beta.47': {}

  '@tybys/wasm-util@0.10.1':
    dependencies:
      tslib: 2.8.1
    optional: true

  '@typegpu/noise@0.8.0(typegpu@0.8.2)':
    dependencies:
      typegpu: 0.8.2

  '@typegpu/sdf@0.8.0(typegpu@0.8.2)':
    dependencies:
      typegpu: 0.8.2

  '@types/estree@1.0.8': {}

  '@webgpu/types@0.1.66': {}

  acorn@8.15.0: {}

  ansis@4.2.0: {}

  ast-kit@2.2.0:
    dependencies:
      '@babel/parser': 7.28.5
      pathe: 2.0.3

  birpc@2.8.0: {}

  cac@6.7.14: {}

  chokidar@4.0.3:
    dependencies:
      readdirp: 4.1.2

  debug@4.4.3:
    dependencies:
      ms: 2.1.3

  defu@6.1.4: {}

  detect-libc@2.1.2: {}

  diff@8.0.2: {}

  dts-resolver@2.1.3: {}

  empathic@2.0.0: {}

  estree-walker@3.0.3:
    dependencies:
      '@types/estree': 1.0.8

  fdir@6.5.0(picomatch@4.0.3):
    optionalDependencies:
      picomatch: 4.0.3

  fsevents@2.3.3:
    optional: true

  get-tsconfig@4.13.0:
    dependencies:
      resolve-pkg-maps: 1.0.0

  hookable@5.5.3: {}

  jiti@2.6.1: {}

  jsesc@3.1.0: {}

  lightningcss-android-arm64@1.30.2:
    optional: true

  lightningcss-darwin-arm64@1.30.2:
    optional: true

  lightningcss-darwin-x64@1.30.2:
    optional: true

  lightningcss-freebsd-x64@1.30.2:
    optional: true

  lightningcss-linux-arm-gnueabihf@1.30.2:
    optional: true

  lightningcss-linux-arm64-gnu@1.30.2:
    optional: true

  lightningcss-linux-arm64-musl@1.30.2:
    optional: true

  lightningcss-linux-x64-gnu@1.30.2:
    optional: true

  lightningcss-linux-x64-musl@1.30.2:
    optional: true

  lightningcss-win32-arm64-msvc@1.30.2:
    optional: true

  lightningcss-win32-x64-msvc@1.30.2:
    optional: true

  lightningcss@1.30.2:
    dependencies:
      detect-libc: 2.1.2
    optionalDependencies:
      lightningcss-android-arm64: 1.30.2
      lightningcss-darwin-arm64: 1.30.2
      lightningcss-darwin-x64: 1.30.2
      lightningcss-freebsd-x64: 1.30.2
      lightningcss-linux-arm-gnueabihf: 1.30.2
      lightningcss-linux-arm64-gnu: 1.30.2
      lightningcss-linux-arm64-musl: 1.30.2
      lightningcss-linux-x64-gnu: 1.30.2
      lightningcss-linux-x64-musl: 1.30.2
      lightningcss-win32-arm64-msvc: 1.30.2
      lightningcss-win32-x64-msvc: 1.30.2

  magic-string-ast@1.0.3:
    dependencies:
      magic-string: 0.30.21

  magic-string@0.30.21:
    dependencies:
      '@jridgewell/sourcemap-codec': 1.5.5

  ms@2.1.3: {}

  nanoid@3.3.11: {}

  obug@1.0.0(ms@2.1.3):
    optionalDependencies:
      ms: 2.1.3

  pathe@2.0.3: {}

  picocolors@1.1.1: {}

  picomatch@4.0.3: {}

  postcss@8.5.6:
    dependencies:
      nanoid: 3.3.11
      picocolors: 1.1.1
      source-map-js: 1.2.1

  quansync@0.2.11: {}

  readdirp@4.1.2: {}

  resolve-pkg-maps@1.0.0: {}

  rolldown-plugin-dts@0.17.7(ms@2.1.3)(rolldown@1.0.0-beta.45)(typescript@5.9.3):
    dependencies:
      '@babel/generator': 7.28.5
      '@babel/parser': 7.28.5
      '@babel/types': 7.28.5
      ast-kit: 2.2.0
      birpc: 2.8.0
      dts-resolver: 2.1.3
      get-tsconfig: 4.13.0
      magic-string: 0.30.21
      obug: 1.0.0(ms@2.1.3)
      rolldown: 1.0.0-beta.45
    optionalDependencies:
      typescript: 5.9.3
    transitivePeerDependencies:
      - ms
      - oxc-resolver

  rolldown-vite@7.2.2(jiti@2.6.1):
    dependencies:
      '@oxc-project/runtime': 0.96.0
      fdir: 6.5.0(picomatch@4.0.3)
      lightningcss: 1.30.2
      picomatch: 4.0.3
      postcss: 8.5.6
      rolldown: 1.0.0-beta.47
      tinyglobby: 0.2.15
    optionalDependencies:
      fsevents: 2.3.3
      jiti: 2.6.1

  rolldown@1.0.0-beta.45:
    dependencies:
      '@oxc-project/types': 0.95.0
      '@rolldown/pluginutils': 1.0.0-beta.45
    optionalDependencies:
      '@rolldown/binding-android-arm64': 1.0.0-beta.45
      '@rolldown/binding-darwin-arm64': 1.0.0-beta.45
      '@rolldown/binding-darwin-x64': 1.0.0-beta.45
      '@rolldown/binding-freebsd-x64': 1.0.0-beta.45
      '@rolldown/binding-linux-arm-gnueabihf': 1.0.0-beta.45
      '@rolldown/binding-linux-arm64-gnu': 1.0.0-beta.45
      '@rolldown/binding-linux-arm64-musl': 1.0.0-beta.45
      '@rolldown/binding-linux-x64-gnu': 1.0.0-beta.45
      '@rolldown/binding-linux-x64-musl': 1.0.0-beta.45
      '@rolldown/binding-openharmony-arm64': 1.0.0-beta.45
      '@rolldown/binding-wasm32-wasi': 1.0.0-beta.45
      '@rolldown/binding-win32-arm64-msvc': 1.0.0-beta.45
      '@rolldown/binding-win32-ia32-msvc': 1.0.0-beta.45
      '@rolldown/binding-win32-x64-msvc': 1.0.0-beta.45

  rolldown@1.0.0-beta.47:
    dependencies:
      '@oxc-project/types': 0.96.0
      '@rolldown/pluginutils': 1.0.0-beta.47
    optionalDependencies:
      '@rolldown/binding-android-arm64': 1.0.0-beta.47
      '@rolldown/binding-darwin-arm64': 1.0.0-beta.47
      '@rolldown/binding-darwin-x64': 1.0.0-beta.47
      '@rolldown/binding-freebsd-x64': 1.0.0-beta.47
      '@rolldown/binding-linux-arm-gnueabihf': 1.0.0-beta.47
      '@rolldown/binding-linux-arm64-gnu': 1.0.0-beta.47
      '@rolldown/binding-linux-arm64-musl': 1.0.0-beta.47
      '@rolldown/binding-linux-x64-gnu': 1.0.0-beta.47
      '@rolldown/binding-linux-x64-musl': 1.0.0-beta.47
      '@rolldown/binding-openharmony-arm64': 1.0.0-beta.47
      '@rolldown/binding-wasm32-wasi': 1.0.0-beta.47
      '@rolldown/binding-win32-arm64-msvc': 1.0.0-beta.47
      '@rolldown/binding-win32-ia32-msvc': 1.0.0-beta.47
      '@rolldown/binding-win32-x64-msvc': 1.0.0-beta.47

  semver@7.7.3: {}

  source-map-js@1.2.1: {}

  tinyest-for-wgsl@0.1.3:
    dependencies:
      tinyest: 0.1.2

  tinyest@0.1.2: {}

  tinyexec@1.0.2: {}

  tinyglobby@0.2.15:
    dependencies:
      fdir: 6.5.0(picomatch@4.0.3)
      picomatch: 4.0.3

  tree-kill@1.2.2: {}

  tsdown@0.15.12(ms@2.1.3)(typescript@5.9.3):
    dependencies:
      ansis: 4.2.0
      cac: 6.7.14
      chokidar: 4.0.3
      debug: 4.4.3
      diff: 8.0.2
      empathic: 2.0.0
      hookable: 5.5.3
      rolldown: 1.0.0-beta.45
      rolldown-plugin-dts: 0.17.7(ms@2.1.3)(rolldown@1.0.0-beta.45)(typescript@5.9.3)
      semver: 7.7.3
      tinyexec: 1.0.2
      tinyglobby: 0.2.15
      tree-kill: 1.2.2
      unconfig: 7.4.1
    optionalDependencies:
      typescript: 5.9.3
    transitivePeerDependencies:
      - '@ts-macro/tsc'
      - '@typescript/native-preview'
      - ms
      - oxc-resolver
      - supports-color
      - vue-tsc

  tslib@2.8.1:
    optional: true

  typed-binary@4.3.2: {}

  typegpu@0.8.2:
    dependencies:
      tinyest: 0.1.2
      typed-binary: 4.3.2

  typescript@5.9.3: {}

  unconfig-core@7.4.1:
    dependencies:
      '@quansync/fs': 0.1.5
      quansync: 0.2.11

  unconfig@7.4.1:
    dependencies:
      '@quansync/fs': 0.1.5
      defu: 6.1.4
      jiti: 2.6.1
      quansync: 0.2.11
      unconfig-core: 7.4.1

  unplugin-typegpu@0.8.0(typegpu@0.8.2):
    dependencies:
      '@babel/standalone': 7.28.5
      defu: 6.1.4
      estree-walker: 3.0.3
      magic-string-ast: 1.0.3
      pathe: 2.0.3
      picomatch: 4.0.3
      tinyest: 0.1.2
      tinyest-for-wgsl: 0.1.3
      typegpu: 0.8.2
      unplugin: 2.3.10

  unplugin@2.3.10:
    dependencies:
      '@jridgewell/remapping': 2.3.5
      acorn: 8.15.0
      picomatch: 4.0.3
      webpack-virtual-modules: 0.6.2

  webpack-virtual-modules@0.6.2: {}

  wgpu-matrix@3.4.0: {}
